{
  "name": "systemdetail",
  "version": "1.0.0",
  "lockfileVersion": 1,
  "requires": true,
  "dependencies": {
    "systeminformation": {
      "version": "4.26.10",
      "resolved": "https://registry.npmjs.org/systeminformation/-/systeminformation-4.26.10.tgz",
      "integrity": "sha512-bO4FIzrjESAfh4KHwkUJym3jvKtJ4oJ2PG0BBQGBmKa0pF2oanpkB7CF4ZsSX7vfp3+GKaLzioVwpV/3Tyk+lQ=="
    }
  }
}
